
Microsoft Visual Studio Solution File, Format Version 12.00
# Visual Studio 14
VisualStudioVersion = 14.0.25420.1
MinimumVisualStudioVersion = 10.0.40219.1
Project("{FAE04EC0-301F-11D3-BF4B-00C04F79EFBC}") = "cwserver", "cwserver.csproj", "{8B572CAD-7536-44DA-8279-2F8B29CE20DA}"
EndProject
Global
	GlobalSection(SolutionConfigurationPlatforms) = preSolution
		Debug|Any CPU = Debug|Any CPU
		Release|Any CPU = Release|Any CPU
	EndGlobalSection
	GlobalSection(ProjectConfigurationPlatforms) = postSolution
		{8B572CAD-7536-44DA-8279-2F8B29CE20DA}.Debug|Any CPU.ActiveCfg = Debug|Any CPU
		{8B572CAD-7536-44DA-8279-2F8B29CE20DA}.Debug|Any CPU.Build.0 = Debug|Any CPU
		{8B572CAD-7536-44DA-8279-2F8B29CE20DA}.Release|Any CPU.ActiveCfg = Release|Any CPU
		{8B572CAD-7536-44DA-8279-2F8B29CE20DA}.Release|Any CPU.Build.0 = Release|Any CPU
	EndGlobalSection
	GlobalSection(SolutionProperties) = preSolution
		HideSolutionNode = FALSE
	EndGlobalSection
EndGlobal
